
Microsoft Visual Studio Solution File, Format Version 12.00
# Visual Studio Version 17
VisualStudioVersion = 17.14.36518.9 d17.14
MinimumVisualStudioVersion = 10.0.40219.1
Project("{FAE04EC0-301F-11D3-BF4B-00C04F79EFBC}") = "lab3", "lab3\lab3.csproj", "{28F56FE8-EA64-4065-9981-EFE6B4104097}"
EndProject
Global
	GlobalSection(SolutionConfigurationPlatforms) = preSolution
		Debug|Any CPU = Debug|Any CPU
		Release|Any CPU = Release|Any CPU
	EndGlobalSection
	GlobalSection(ProjectConfigurationPlatforms) = postSolution
		{28F56FE8-EA64-4065-9981-EFE6B4104097}.Debug|Any CPU.ActiveCfg = Debug|Any CPU
		{28F56FE8-EA64-4065-9981-EFE6B4104097}.Debug|Any CPU.Build.0 = Debug|Any CPU
		{28F56FE8-EA64-4065-9981-EFE6B4104097}.Release|Any CPU.ActiveCfg = Release|Any CPU
		{28F56FE8-EA64-4065-9981-EFE6B4104097}.Release|Any CPU.Build.0 = Release|Any CPU
	EndGlobalSection
	GlobalSection(SolutionProperties) = preSolution
		HideSolutionNode = FALSE
	EndGlobalSection
	GlobalSection(ExtensibilityGlobals) = postSolution
		SolutionGuid = {ED02EDE3-99F6-4DBB-9D74-B5CB1044F60B}
	EndGlobalSection
EndGlobal
